
Microsoft Visual Studio Solution File, Format Version 12.00
# Visual Studio Version 16
VisualStudioVersion = 16.0.32002.261
MinimumVisualStudioVersion = 10.0.40219.1
Project("{8BC9CEB8-8B4A-11D0-8D11-00A0C91BC942}") = "ddd_admin", "ddd_admin\ddd_admin.vcxproj", "{EA8E7106-8D09-46A1-881B-FFBC4B8532F2}"
EndProject
Project("{9A19103F-16F7-4668-BE54-9A1E7A4F7556}") = "LibDddAdminTransport", "LibDddAdminTransport\LibDddAdminTransport.csproj", "{E28FE6BF-532A-41F5-BC86-3D466C5466F5}"
EndProject
Project("{8BC9CEB8-8B4A-11D0-8D11-00A0C91BC942}") = "ddd_abstraction", "ddd_abstraction\ddd_abstraction.vcxproj", "{7169D436-9348-47F3-8BA4-5221BCB86CDF}"
EndProject
Project("{8BC9CEB8-8B4A-11D0-8D11-00A0C91BC942}") = "ddd_net", "ddd_net\ddd_net.vcxproj", "{A1D609EC-F940-4C3D-8182-993BC470EEFB}"
EndProject
Project("{9A19103F-16F7-4668-BE54-9A1E7A4F7556}") = "DddAdminTransportExample", "DddAdminTransportExample\DddAdminTransportExample.csproj", "{16F3CF14-6A42-4EBB-9D96-624B9C396822}"
EndProject
Global
	GlobalSection(SolutionConfigurationPlatforms) = preSolution
		Debug - Alien Swarm|Any CPU = Debug - Alien Swarm|Any CPU
		Debug - Alien Swarm|Win32 = Debug - Alien Swarm|Win32
		Debug - Alien Swarm|x64 = Debug - Alien Swarm|x64
		Debug - Dark Messiah|Any CPU = Debug - Dark Messiah|Any CPU
		Debug - Dark Messiah|Win32 = Debug - Dark Messiah|Win32
		Debug - Dark Messiah|x64 = Debug - Dark Messiah|x64
		Debug - Left 4 Dead 2|Any CPU = Debug - Left 4 Dead 2|Any CPU
		Debug - Left 4 Dead 2|Win32 = Debug - Left 4 Dead 2|Win32
		Debug - Left 4 Dead 2|x64 = Debug - Left 4 Dead 2|x64
		Debug - Left 4 Dead|Any CPU = Debug - Left 4 Dead|Any CPU
		Debug - Left 4 Dead|Win32 = Debug - Left 4 Dead|Win32
		Debug - Left 4 Dead|x64 = Debug - Left 4 Dead|x64
		Debug - Orange Box Valve|Any CPU = Debug - Orange Box Valve|Any CPU
		Debug - Orange Box Valve|Win32 = Debug - Orange Box Valve|Win32
		Debug - Orange Box Valve|x64 = Debug - Orange Box Valve|x64
		Debug - Orange Box|Any CPU = Debug - Orange Box|Any CPU
		Debug - Orange Box|Win32 = Debug - Orange Box|Win32
		Debug - Orange Box|x64 = Debug - Orange Box|x64
		Debug - Original|Any CPU = Debug - Original|Any CPU
		Debug - Original|Win32 = Debug - Original|Win32
		Debug - Original|x64 = Debug - Original|x64
		Debug|Any CPU = Debug|Any CPU
		Debug|Win32 = Debug|Win32
		Debug|x64 = Debug|x64
		Release - Alien Swarm|Any CPU = Release - Alien Swarm|Any CPU
		Release - Alien Swarm|Win32 = Release - Alien Swarm|Win32
		Release - Alien Swarm|x64 = Release - Alien Swarm|x64
		Release - Dark Messiah|Any CPU = Release - Dark Messiah|Any CPU
		Release - Dark Messiah|Win32 = Release - Dark Messiah|Win32
		Release - Dark Messiah|x64 = Release - Dark Messiah|x64
		Release - Left 4 Dead 2|Any CPU = Release - Left 4 Dead 2|Any CPU
		Release - Left 4 Dead 2|Win32 = Release - Left 4 Dead 2|Win32
		Release - Left 4 Dead 2|x64 = Release - Left 4 Dead 2|x64
		Release - Left 4 Dead|Any CPU = Release - Left 4 Dead|Any CPU
		Release - Left 4 Dead|Win32 = Release - Left 4 Dead|Win32
		Release - Left 4 Dead|x64 = Release - Left 4 Dead|x64
		Release - Orange Box Valve|Any CPU = Release - Orange Box Valve|Any CPU
		Release - Orange Box Valve|Win32 = Release - Orange Box Valve|Win32
		Release - Orange Box Valve|x64 = Release - Orange Box Valve|x64
		Release - Orange Box|Any CPU = Release - Orange Box|Any CPU
		Release - Orange Box|Win32 = Release - Orange Box|Win32
		Release - Orange Box|x64 = Release - Orange Box|x64
		Release - Original|Any CPU = Release - Original|Any CPU
		Release - Original|Win32 = Release - Original|Win32
		Release - Original|x64 = Release - Original|x64
		Release|Any CPU = Release|Any CPU
		Release|Win32 = Release|Win32
		Release|x64 = Release|x64
	EndGlobalSection
	GlobalSection(ProjectConfigurationPlatforms) = postSolution
		{EA8E7106-8D09-46A1-881B-FFBC4B8532F2}.Debug - Alien Swarm|Any CPU.ActiveCfg = Release|Win32
		{EA8E7106-8D09-46A1-881B-FFBC4B8532F2}.Debug - Alien Swarm|Win32.ActiveCfg = Debug - Portal 2|Win32
		{EA8E7106-8D09-46A1-881B-FFBC4B8532F2}.Debug - Alien Swarm|Win32.Build.0 = Debug - Portal 2|Win32
		{EA8E7106-8D09-46A1-881B-FFBC4B8532F2}.Debug - Alien Swarm|x64.ActiveCfg = Release|Win32
		{EA8E7106-8D09-46A1-881B-FFBC4B8532F2}.Debug - Dark Messiah|Any CPU.ActiveCfg = Release|Win32
		{EA8E7106-8D09-46A1-881B-FFBC4B8532F2}.Debug - Dark Messiah|Win32.ActiveCfg = Debug - Portal 2|Win32
		{EA8E7106-8D09-46A1-881B-FFBC4B8532F2}.Debug - Dark Messiah|x64.ActiveCfg = Release|Win32
		{EA8E7106-8D09-46A1-881B-FFBC4B8532F2}.Debug - Left 4 Dead 2|Any CPU.ActiveCfg = Release|Win32
		{EA8E7106-8D09-46A1-881B-FFBC4B8532F2}.Debug - Left 4 Dead 2|Win32.ActiveCfg = Debug - Portal 2|Win32
		{EA8E7106-8D09-46A1-881B-FFBC4B8532F2}.Debug - Left 4 Dead 2|x64.ActiveCfg = Release|Win32
		{EA8E7106-8D09-46A1-881B-FFBC4B8532F2}.Debug - Left 4 Dead|Any CPU.ActiveCfg = Release|Win32
		{EA8E7106-8D09-46A1-881B-FFBC4B8532F2}.Debug - Left 4 Dead|Win32.ActiveCfg = Debug - Portal 2|Win32
		{EA8E7106-8D09-46A1-881B-FFBC4B8532F2}.Debug - Left 4 Dead|x64.ActiveCfg = Release|Win32
		{EA8E7106-8D09-46A1-881B-FFBC4B8532F2}.Debug - Orange Box Valve|Any CPU.ActiveCfg = Release|Win32
		{EA8E7106-8D09-46A1-881B-FFBC4B8532F2}.Debug - Orange Box Valve|Win32.ActiveCfg = Debug - Portal 2|Win32
		{EA8E7106-8D09-46A1-881B-FFBC4B8532F2}.Debug - Orange Box Valve|x64.ActiveCfg = Release|Win32
		{EA8E7106-8D09-46A1-881B-FFBC4B8532F2}.Debug - Orange Box|Any CPU.ActiveCfg = Release|Win32
		{EA8E7106-8D09-46A1-881B-FFBC4B8532F2}.Debug - Orange Box|Win32.ActiveCfg = Debug - Portal 2|Win32
		{EA8E7106-8D09-46A1-881B-FFBC4B8532F2}.Debug - Orange Box|x64.ActiveCfg = Release|Win32
		{EA8E7106-8D09-46A1-881B-FFBC4B8532F2}.Debug - Original|Any CPU.ActiveCfg = Release|Win32
		{EA8E7106-8D09-46A1-881B-FFBC4B8532F2}.Debug - Original|Win32.ActiveCfg = Debug - Portal 2|Win32
		{EA8E7106-8D09-46A1-881B-FFBC4B8532F2}.Debug - Original|x64.ActiveCfg = Release|Win32
		{EA8E7106-8D09-46A1-881B-FFBC4B8532F2}.Debug|Any CPU.ActiveCfg = Release|Win32
		{EA8E7106-8D09-46A1-881B-FFBC4B8532F2}.Debug|Win32.ActiveCfg = Debug - Portal 2|Win32
		{EA8E7106-8D09-46A1-881B-FFBC4B8532F2}.Debug|x64.ActiveCfg = Release|Win32
		{EA8E7106-8D09-46A1-881B-FFBC4B8532F2}.Release - Alien Swarm|Any CPU.ActiveCfg = Release|Win32
		{EA8E7106-8D09-46A1-881B-FFBC4B8532F2}.Release - Alien Swarm|Win32.ActiveCfg = Release|Win32
		{EA8E7106-8D09-46A1-881B-FFBC4B8532F2}.Release - Alien Swarm|x64.ActiveCfg = Release|Win32
		{EA8E7106-8D09-46A1-881B-FFBC4B8532F2}.Release - Dark Messiah|Any CPU.ActiveCfg = Release|Win32
		{EA8E7106-8D09-46A1-881B-FFBC4B8532F2}.Release - Dark Messiah|Win32.ActiveCfg = Release|Win32
		{EA8E7106-8D09-46A1-881B-FFBC4B8532F2}.Release - Dark Messiah|x64.ActiveCfg = Release|Win32
		{EA8E7106-8D09-46A1-881B-FFBC4B8532F2}.Release - Left 4 Dead 2|Any CPU.ActiveCfg = Release|Win32
		{EA8E7106-8D09-46A1-881B-FFBC4B8532F2}.Release - Left 4 Dead 2|Win32.ActiveCfg = Release|Win32
		{EA8E7106-8D09-46A1-881B-FFBC4B8532F2}.Release - Left 4 Dead 2|x64.ActiveCfg = Release|Win32
		{EA8E7106-8D09-46A1-881B-FFBC4B8532F2}.Release - Left 4 Dead|Any CPU.ActiveCfg = Release|Win32
		{EA8E7106-8D09-46A1-881B-FFBC4B8532F2}.Release - Left 4 Dead|Win32.ActiveCfg = Release|Win32
		{EA8E7106-8D09-46A1-881B-FFBC4B8532F2}.Release - Left 4 Dead|x64.ActiveCfg = Release|Win32
		{EA8E7106-8D09-46A1-881B-FFBC4B8532F2}.Release - Orange Box Valve|Any CPU.ActiveCfg = Release|Win32
		{EA8E7106-8D09-46A1-881B-FFBC4B8532F2}.Release - Orange Box Valve|Win32.ActiveCfg = Release|Win32
		{EA8E7106-8D09-46A1-881B-FFBC4B8532F2}.Release - Orange Box Valve|x64.ActiveCfg = Release|Win32
		{EA8E7106-8D09-46A1-881B-FFBC4B8532F2}.Release - Orange Box|Any CPU.ActiveCfg = Release|Win32
		{EA8E7106-8D09-46A1-881B-FFBC4B8532F2}.Release - Orange Box|Win32.ActiveCfg = Release|Win32
		{EA8E7106-8D09-46A1-881B-FFBC4B8532F2}.Release - Orange Box|x64.ActiveCfg = Release|Win32
		{EA8E7106-8D09-46A1-881B-FFBC4B8532F2}.Release - Original|Any CPU.ActiveCfg = Release|Win32
		{EA8E7106-8D09-46A1-881B-FFBC4B8532F2}.Release - Original|Win32.ActiveCfg = Release|Win32
		{EA8E7106-8D09-46A1-881B-FFBC4B8532F2}.Release - Original|x64.ActiveCfg = Release|Win32
		{EA8E7106-8D09-46A1-881B-FFBC4B8532F2}.Release|Any CPU.ActiveCfg = Release|Win32
		{EA8E7106-8D09-46A1-881B-FFBC4B8532F2}.Release|Win32.ActiveCfg = Release|Win32
		{EA8E7106-8D09-46A1-881B-FFBC4B8532F2}.Release|x64.ActiveCfg = Release|Win32
		{E28FE6BF-532A-41F5-BC86-3D466C5466F5}.Debug - Alien Swarm|Any CPU.ActiveCfg = Debug|Any CPU
		{E28FE6BF-532A-41F5-BC86-3D466C5466F5}.Debug - Alien Swarm|Any CPU.Build.0 = Debug|Any CPU
		{E28FE6BF-532A-41F5-BC86-3D466C5466F5}.Debug - Alien Swarm|Win32.ActiveCfg = Debug|Any CPU
		{E28FE6BF-532A-41F5-BC86-3D466C5466F5}.Debug - Alien Swarm|Win32.Build.0 = Debug|Any CPU
		{E28FE6BF-532A-41F5-BC86-3D466C5466F5}.Debug - Alien Swarm|x64.ActiveCfg = Debug|Any CPU
		{E28FE6BF-532A-41F5-BC86-3D466C5466F5}.Debug - Alien Swarm|x64.Build.0 = Debug|Any CPU
		{E28FE6BF-532A-41F5-BC86-3D466C5466F5}.Debug - Dark Messiah|Any CPU.ActiveCfg = Debug|Any CPU
		{E28FE6BF-532A-41F5-BC86-3D466C5466F5}.Debug - Dark Messiah|Any CPU.Build.0 = Debug|Any CPU
		{E28FE6BF-532A-41F5-BC86-3D466C5466F5}.Debug - Dark Messiah|Win32.ActiveCfg = Debug|Any CPU
		{E28FE6BF-532A-41F5-BC86-3D466C5466F5}.Debug - Dark Messiah|Win32.Build.0 = Debug|Any CPU
		{E28FE6BF-532A-41F5-BC86-3D466C5466F5}.Debug - Dark Messiah|x64.ActiveCfg = Debug|Any CPU
		{E28FE6BF-532A-41F5-BC86-3D466C5466F5}.Debug - Dark Messiah|x64.Build.0 = Debug|Any CPU
		{E28FE6BF-532A-41F5-BC86-3D466C5466F5}.Debug - Left 4 Dead 2|Any CPU.ActiveCfg = Debug|Any CPU
		{E28FE6BF-532A-41F5-BC86-3D466C5466F5}.Debug - Left 4 Dead 2|Any CPU.Build.0 = Debug|Any CPU
		{E28FE6BF-532A-41F5-BC86-3D466C5466F5}.Debug - Left 4 Dead 2|Win32.ActiveCfg = Debug|Any CPU
		{E28FE6BF-532A-41F5-BC86-3D466C5466F5}.Debug - Left 4 Dead 2|Win32.Build.0 = Debug|Any CPU
		{E28FE6BF-532A-41F5-BC86-3D466C5466F5}.Debug - Left 4 Dead 2|x64.ActiveCfg = Debug|Any CPU
		{E28FE6BF-532A-41F5-BC86-3D466C5466F5}.Debug - Left 4 Dead 2|x64.Build.0 = Debug|Any CPU
		{E28FE6BF-532A-41F5-BC86-3D466C5466F5}.Debug - Left 4 Dead|Any CPU.ActiveCfg = Debug|Any CPU
		{E28FE6BF-532A-41F5-BC86-3D466C5466F5}.Debug - Left 4 Dead|Any CPU.Build.0 = Debug|Any CPU
		{E28FE6BF-532A-41F5-BC86-3D466C5466F5}.Debug - Left 4 Dead|Win32.ActiveCfg = Debug|Any CPU
		{E28FE6BF-532A-41F5-BC86-3D466C5466F5}.Debug - Left 4 Dead|Win32.Build.0 = Debug|Any CPU
		{E28FE6BF-532A-41F5-BC86-3D466C5466F5}.Debug - Left 4 Dead|x64.ActiveCfg = Debug|Any CPU
		{E28FE6BF-532A-41F5-BC86-3D466C5466F5}.Debug - Left 4 Dead|x64.Build.0 = Debug|Any CPU
		{E28FE6BF-532A-41F5-BC86-3D466C5466F5}.Debug - Orange Box Valve|Any CPU.ActiveCfg = Debug|Any CPU
		{E28FE6BF-532A-41F5-BC86-3D466C5466F5}.Debug - Orange Box Valve|Any CPU.Build.0 = Debug|Any CPU
		{E28FE6BF-532A-41F5-BC86-3D466C5466F5}.Debug - Orange Box Valve|Win32.ActiveCfg = Debug|Any CPU
		{E28FE6BF-532A-41F5-BC86-3D466C5466F5}.Debug - Orange Box Valve|Win32.Build.0 = Debug|Any CPU
		{E28FE6BF-532A-41F5-BC86-3D466C5466F5}.Debug - Orange Box Valve|x64.ActiveCfg = Debug|Any CPU
		{E28FE6BF-532A-41F5-BC86-3D466C5466F5}.Debug - Orange Box Valve|x64.Build.0 = Debug|Any CPU
		{E28FE6BF-532A-41F5-BC86-3D466C5466F5}.Debug - Orange Box|Any CPU.ActiveCfg = Debug|Any CPU
		{E28FE6BF-532A-41F5-BC86-3D466C5466F5}.Debug - Orange Box|Any CPU.Build.0 = Debug|Any CPU
		{E28FE6BF-532A-41F5-BC86-3D466C5466F5}.Debug - Orange Box|Win32.ActiveCfg = Debug|Any CPU
		{E28FE6BF-532A-41F5-BC86-3D466C5466F5}.Debug - Orange Box|Win32.Build.0 = Debug|Any CPU
		{E28FE6BF-532A-41F5-BC86-3D466C5466F5}.Debug - Orange Box|x64.ActiveCfg = Debug|Any CPU
		{E28FE6BF-532A-41F5-BC86-3D466C5466F5}.Debug - Orange Box|x64.Build.0 = Debug|Any CPU
		{E28FE6BF-532A-41F5-BC86-3D466C5466F5}.Debug - Original|Any CPU.ActiveCfg = Debug|Any CPU
		{E28FE6BF-532A-41F5-BC86-3D466C5466F5}.Debug - Original|Any CPU.Build.0 = Debug|Any CPU
		{E28FE6BF-532A-41F5-BC86-3D466C5466F5}.Debug - Original|Win32.ActiveCfg = Debug|Any CPU
		{E28FE6BF-532A-41F5-BC86-3D466C5466F5}.Debug - Original|Win32.Build.0 = Debug|Any CPU
		{E28FE6BF-532A-41F5-BC86-3D466C5466F5}.Debug - Original|x64.ActiveCfg = Debug|Any CPU
		{E28FE6BF-532A-41F5-BC86-3D466C5466F5}.Debug - Original|x64.Build.0 = Debug|Any CPU
		{E28FE6BF-532A-41F5-BC86-3D466C5466F5}.Debug|Any CPU.ActiveCfg = Debug|Any CPU
		{E28FE6BF-532A-41F5-BC86-3D466C5466F5}.Debug|Any CPU.Build.0 = Debug|Any CPU
		{E28FE6BF-532A-41F5-BC86-3D466C5466F5}.Debug|Win32.ActiveCfg = Debug|Any CPU
		{E28FE6BF-532A-41F5-BC86-3D466C5466F5}.Debug|Win32.Build.0 = Debug|Any CPU
		{E28FE6BF-532A-41F5-BC86-3D466C5466F5}.Debug|x64.ActiveCfg = Debug|Any CPU
		{E28FE6BF-532A-41F5-BC86-3D466C5466F5}.Debug|x64.Build.0 = Debug|Any CPU
		{E28FE6BF-532A-41F5-BC86-3D466C5466F5}.Release - Alien Swarm|Any CPU.ActiveCfg = Release|Any CPU
		{E28FE6BF-532A-41F5-BC86-3D466C5466F5}.Release - Alien Swarm|Any CPU.Build.0 = Release|Any CPU
		{E28FE6BF-532A-41F5-BC86-3D466C5466F5}.Release - Alien Swarm|Win32.ActiveCfg = Release|Any CPU
		{E28FE6BF-532A-41F5-BC86-3D466C5466F5}.Release - Alien Swarm|Win32.Build.0 = Release|Any CPU
		{E28FE6BF-532A-41F5-BC86-3D466C5466F5}.Release - Alien Swarm|x64.ActiveCfg = Release|Any CPU
		{E28FE6BF-532A-41F5-BC86-3D466C5466F5}.Release - Alien Swarm|x64.Build.0 = Release|Any CPU
		{E28FE6BF-532A-41F5-BC86-3D466C5466F5}.Release - Dark Messiah|Any CPU.ActiveCfg = Release|Any CPU
		{E28FE6BF-532A-41F5-BC86-3D466C5466F5}.Release - Dark Messiah|Any CPU.Build.0 = Release|Any CPU
		{E28FE6BF-532A-41F5-BC86-3D466C5466F5}.Release - Dark Messiah|Win32.ActiveCfg = Release|Any CPU
		{E28FE6BF-532A-41F5-BC86-3D466C5466F5}.Release - Dark Messiah|Win32.Build.0 = Release|Any CPU
		{E28FE6BF-532A-41F5-BC86-3D466C5466F5}.Release - Dark Messiah|x64.ActiveCfg = Release|Any CPU
		{E28FE6BF-532A-41F5-BC86-3D466C5466F5}.Release - Dark Messiah|x64.Build.0 = Release|Any CPU
		{E28FE6BF-532A-41F5-BC86-3D466C5466F5}.Release - Left 4 Dead 2|Any CPU.ActiveCfg = Release|Any CPU
		{E28FE6BF-532A-41F5-BC86-3D466C5466F5}.Release - Left 4 Dead 2|Any CPU.Build.0 = Release|Any CPU
		{E28FE6BF-532A-41F5-BC86-3D466C5466F5}.Release - Left 4 Dead 2|Win32.ActiveCfg = Release|Any CPU
		{E28FE6BF-532A-41F5-BC86-3D466C5466F5}.Release - Left 4 Dead 2|Win32.Build.0 = Release|Any CPU
		{E28FE6BF-532A-41F5-BC86-3D466C5466F5}.Release - Left 4 Dead 2|x64.ActiveCfg = Release|Any CPU
		{E28FE6BF-532A-41F5-BC86-3D466C5466F5}.Release - Left 4 Dead 2|x64.Build.0 = Release|Any CPU
		{E28FE6BF-532A-41F5-BC86-3D466C5466F5}.Release - Left 4 Dead|Any CPU.ActiveCfg = Release|Any CPU
		{E28FE6BF-532A-41F5-BC86-3D466C5466F5}.Release - Left 4 Dead|Any CPU.Build.0 = Release|Any CPU
		{E28FE6BF-532A-41F5-BC86-3D466C5466F5}.Release - Left 4 Dead|Win32.ActiveCfg = Release|Any CPU
		{E28FE6BF-532A-41F5-BC86-3D466C5466F5}.Release - Left 4 Dead|Win32.Build.0 = Release|Any CPU
		{E28FE6BF-532A-41F5-BC86-3D466C5466F5}.Release - Left 4 Dead|x64.ActiveCfg = Release|Any CPU
		{E28FE6BF-532A-41F5-BC86-3D466C5466F5}.Release - Left 4 Dead|x64.Build.0 = Release|Any CPU
		{E28FE6BF-532A-41F5-BC86-3D466C5466F5}.Release - Orange Box Valve|Any CPU.ActiveCfg = Release|Any CPU
		{E28FE6BF-532A-41F5-BC86-3D466C5466F5}.Release - Orange Box Valve|Any CPU.Build.0 = Release|Any CPU
		{E28FE6BF-532A-41F5-BC86-3D466C5466F5}.Release - Orange Box Valve|Win32.ActiveCfg = Release|Any CPU
		{E28FE6BF-532A-41F5-BC86-3D466C5466F5}.Release - Orange Box Valve|Win32.Build.0 = Release|Any CPU
		{E28FE6BF-532A-41F5-BC86-3D466C5466F5}.Release - Orange Box Valve|x64.ActiveCfg = Release|Any CPU
		{E28FE6BF-532A-41F5-BC86-3D466C5466F5}.Release - Orange Box Valve|x64.Build.0 = Release|Any CPU
		{E28FE6BF-532A-41F5-BC86-3D466C5466F5}.Release - Orange Box|Any CPU.ActiveCfg = Release|Any CPU
		{E28FE6BF-532A-41F5-BC86-3D466C5466F5}.Release - Orange Box|Any CPU.Build.0 = Release|Any CPU
		{E28FE6BF-532A-41F5-BC86-3D466C5466F5}.Release - Orange Box|Win32.ActiveCfg = Release|Any CPU
		{E28FE6BF-532A-41F5-BC86-3D466C5466F5}.Release - Orange Box|Win32.Build.0 = Release|Any CPU
		{E28FE6BF-532A-41F5-BC86-3D466C5466F5}.Release - Orange Box|x64.ActiveCfg = Release|Any CPU
		{E28FE6BF-532A-41F5-BC86-3D466C5466F5}.Release - Orange Box|x64.Build.0 = Release|Any CPU
		{E28FE6BF-532A-41F5-BC86-3D466C5466F5}.Release - Original|Any CPU.ActiveCfg = Release|Any CPU
		{E28FE6BF-532A-41F5-BC86-3D466C5466F5}.Release - Original|Any CPU.Build.0 = Release|Any CPU
		{E28FE6BF-532A-41F5-BC86-3D466C5466F5}.Release - Original|Win32.ActiveCfg = Release|Any CPU
		{E28FE6BF-532A-41F5-BC86-3D466C5466F5}.Release - Original|Win32.Build.0 = Release|Any CPU
		{E28FE6BF-532A-41F5-BC86-3D466C5466F5}.Release - Original|x64.ActiveCfg = Release|Any CPU
		{E28FE6BF-532A-41F5-BC86-3D466C5466F5}.Release - Original|x64.Build.0 = Release|Any CPU
		{E28FE6BF-532A-41F5-BC86-3D466C5466F5}.Release|Any CPU.ActiveCfg = Release|Any CPU
		{E28FE6BF-532A-41F5-BC86-3D466C5466F5}.Release|Any CPU.Build.0 = Release|Any CPU
		{E28FE6BF-532A-41F5-BC86-3D466C5466F5}.Release|Win32.ActiveCfg = Release|Any CPU
		{E28FE6BF-532A-41F5-BC86-3D466C5466F5}.Release|Win32.Build.0 = Release|Any CPU
		{E28FE6BF-532A-41F5-BC86-3D466C5466F5}.Release|x64.ActiveCfg = Release|Any CPU
		{E28FE6BF-532A-41F5-BC86-3D466C5466F5}.Release|x64.Build.0 = Release|Any CPU
		{7169D436-9348-47F3-8BA4-5221BCB86CDF}.Debug - Alien Swarm|Any CPU.ActiveCfg = Debug|Win32
		{7169D436-9348-47F3-8BA4-5221BCB86CDF}.Debug - Alien Swarm|Any CPU.Build.0 = Debug|Win32
		{7169D436-9348-47F3-8BA4-5221BCB86CDF}.Debug - Alien Swarm|Win32.ActiveCfg = Debug|Win32
		{7169D436-9348-47F3-8BA4-5221BCB86CDF}.Debug - Alien Swarm|Win32.Build.0 = Debug|Win32
		{7169D436-9348-47F3-8BA4-5221BCB86CDF}.Debug - Alien Swarm|x64.ActiveCfg = Debug|x64
		{7169D436-9348-47F3-8BA4-5221BCB86CDF}.Debug - Alien Swarm|x64.Build.0 = Debug|x64
		{7169D436-9348-47F3-8BA4-5221BCB86CDF}.Debug - Dark Messiah|Any CPU.ActiveCfg = Debug|Win32
		{7169D436-9348-47F3-8BA4-5221BCB86CDF}.Debug - Dark Messiah|Any CPU.Build.0 = Debug|Win32
		{7169D436-9348-47F3-8BA4-5221BCB86CDF}.Debug - Dark Messiah|Win32.ActiveCfg = Debug|Win32
		{7169D436-9348-47F3-8BA4-5221BCB86CDF}.Debug - Dark Messiah|Win32.Build.0 = Debug|Win32
		{7169D436-9348-47F3-8BA4-5221BCB86CDF}.Debug - Dark Messiah|x64.ActiveCfg = Debug|x64
		{7169D436-9348-47F3-8BA4-5221BCB86CDF}.Debug - Dark Messiah|x64.Build.0 = Debug|x64
		{7169D436-9348-47F3-8BA4-5221BCB86CDF}.Debug - Left 4 Dead 2|Any CPU.ActiveCfg = Debug|Win32
		{7169D436-9348-47F3-8BA4-5221BCB86CDF}.Debug - Left 4 Dead 2|Any CPU.Build.0 = Debug|Win32
		{7169D436-9348-47F3-8BA4-5221BCB86CDF}.Debug - Left 4 Dead 2|Win32.ActiveCfg = Debug|Win32
		{7169D436-9348-47F3-8BA4-5221BCB86CDF}.Debug - Left 4 Dead 2|Win32.Build.0 = Debug|Win32
		{7169D436-9348-47F3-8BA4-5221BCB86CDF}.Debug - Left 4 Dead 2|x64.ActiveCfg = Debug|x64
		{7169D436-9348-47F3-8BA4-5221BCB86CDF}.Debug - Left 4 Dead 2|x64.Build.0 = Debug|x64
		{7169D436-9348-47F3-8BA4-5221BCB86CDF}.Debug - Left 4 Dead|Any CPU.ActiveCfg = Debug|Win32
		{7169D436-9348-47F3-8BA4-5221BCB86CDF}.Debug - Left 4 Dead|Any CPU.Build.0 = Debug|Win32
		{7169D436-9348-47F3-8BA4-5221BCB86CDF}.Debug - Left 4 Dead|Win32.ActiveCfg = Debug|Win32
		{7169D436-9348-47F3-8BA4-5221BCB86CDF}.Debug - Left 4 Dead|Win32.Build.0 = Debug|Win32
		{7169D436-9348-47F3-8BA4-5221BCB86CDF}.Debug - Left 4 Dead|x64.ActiveCfg = Debug|x64
		{7169D436-9348-47F3-8BA4-5221BCB86CDF}.Debug - Left 4 Dead|x64.Build.0 = Debug|x64
		{7169D436-9348-47F3-8BA4-5221BCB86CDF}.Debug - Orange Box Valve|Any CPU.ActiveCfg = Debug|Win32
		{7169D436-9348-47F3-8BA4-5221BCB86CDF}.Debug - Orange Box Valve|Any CPU.Build.0 = Debug|Win32
		{7169D436-9348-47F3-8BA4-5221BCB86CDF}.Debug - Orange Box Valve|Win32.ActiveCfg = Debug|Win32
		{7169D436-9348-47F3-8BA4-5221BCB86CDF}.Debug - Orange Box Valve|Win32.Build.0 = Debug|Win32
		{7169D436-9348-47F3-8BA4-5221BCB86CDF}.Debug - Orange Box Valve|x64.ActiveCfg = Debug|x64
		{7169D436-9348-47F3-8BA4-5221BCB86CDF}.Debug - Orange Box Valve|x64.Build.0 = Debug|x64
		{7169D436-9348-47F3-8BA4-5221BCB86CDF}.Debug - Orange Box|Any CPU.ActiveCfg = Debug|Win32
		{7169D436-9348-47F3-8BA4-5221BCB86CDF}.Debug - Orange Box|Any CPU.Build.0 = Debug|Win32
		{7169D436-9348-47F3-8BA4-5221BCB86CDF}.Debug - Orange Box|Win32.ActiveCfg = Debug|Win32
		{7169D436-9348-47F3-8BA4-5221BCB86CDF}.Debug - Orange Box|Win32.Build.0 = Debug|Win32
		{7169D436-9348-47F3-8BA4-5221BCB86CDF}.Debug - Orange Box|x64.ActiveCfg = Debug|x64
		{7169D436-9348-47F3-8BA4-5221BCB86CDF}.Debug - Orange Box|x64.Build.0 = Debug|x64
		{7169D436-9348-47F3-8BA4-5221BCB86CDF}.Debug - Original|Any CPU.ActiveCfg = Debug|Win32
		{7169D436-9348-47F3-8BA4-5221BCB86CDF}.Debug - Original|Any CPU.Build.0 = Debug|Win32
		{7169D436-9348-47F3-8BA4-5221BCB86CDF}.Debug - Original|Win32.ActiveCfg = Debug|Win32
		{7169D436-9348-47F3-8BA4-5221BCB86CDF}.Debug - Original|Win32.Build.0 = Debug|Win32
		{7169D436-9348-47F3-8BA4-5221BCB86CDF}.Debug - Original|x64.ActiveCfg = Debug|x64
		{7169D436-9348-47F3-8BA4-5221BCB86CDF}.Debug - Original|x64.Build.0 = Debug|x64
		{7169D436-9348-47F3-8BA4-5221BCB86CDF}.Debug|Any CPU.ActiveCfg = Debug|Win32
		{7169D436-9348-47F3-8BA4-5221BCB86CDF}.Debug|Win32.ActiveCfg = Debug|Win32
		{7169D436-9348-47F3-8BA4-5221BCB86CDF}.Debug|Win32.Build.0 = Debug|Win32
		{7169D436-9348-47F3-8BA4-5221BCB86CDF}.Debug|x64.ActiveCfg = Debug|x64
		{7169D436-9348-47F3-8BA4-5221BCB86CDF}.Debug|x64.Build.0 = Debug|x64
		{7169D436-9348-47F3-8BA4-5221BCB86CDF}.Release - Alien Swarm|Any CPU.ActiveCfg = Debug|Win32
		{7169D436-9348-47F3-8BA4-5221BCB86CDF}.Release - Alien Swarm|Any CPU.Build.0 = Debug|Win32
		{7169D436-9348-47F3-8BA4-5221BCB86CDF}.Release - Alien Swarm|Win32.ActiveCfg = Release|Win32
		{7169D436-9348-47F3-8BA4-5221BCB86CDF}.Release - Alien Swarm|Win32.Build.0 = Release|Win32
		{7169D436-9348-47F3-8BA4-5221BCB86CDF}.Release - Alien Swarm|x64.ActiveCfg = Release|x64
		{7169D436-9348-47F3-8BA4-5221BCB86CDF}.Release - Alien Swarm|x64.Build.0 = Release|x64
		{7169D436-9348-47F3-8BA4-5221BCB86CDF}.Release - Dark Messiah|Any CPU.ActiveCfg = Debug|Win32
		{7169D436-9348-47F3-8BA4-5221BCB86CDF}.Release - Dark Messiah|Any CPU.Build.0 = Debug|Win32
		{7169D436-9348-47F3-8BA4-5221BCB86CDF}.Release - Dark Messiah|Win32.ActiveCfg = Release|Win32
		{7169D436-9348-47F3-8BA4-5221BCB86CDF}.Release - Dark Messiah|Win32.Build.0 = Release|Win32
		{7169D436-9348-47F3-8BA4-5221BCB86CDF}.Release - Dark Messiah|x64.ActiveCfg = Release|x64
		{7169D436-9348-47F3-8BA4-5221BCB86CDF}.Release - Dark Messiah|x64.Build.0 = Release|x64
		{7169D436-9348-47F3-8BA4-5221BCB86CDF}.Release - Left 4 Dead 2|Any CPU.ActiveCfg = Debug|Win32
		{7169D436-9348-47F3-8BA4-5221BCB86CDF}.Release - Left 4 Dead 2|Any CPU.Build.0 = Debug|Win32
		{7169D436-9348-47F3-8BA4-5221BCB86CDF}.Release - Left 4 Dead 2|Win32.ActiveCfg = Release|Win32
		{7169D436-9348-47F3-8BA4-5221BCB86CDF}.Release - Left 4 Dead 2|Win32.Build.0 = Release|Win32
		{7169D436-9348-47F3-8BA4-5221BCB86CDF}.Release - Left 4 Dead 2|x64.ActiveCfg = Release|x64
		{7169D436-9348-47F3-8BA4-5221BCB86CDF}.Release - Left 4 Dead 2|x64.Build.0 = Release|x64
		{7169D436-9348-47F3-8BA4-5221BCB86CDF}.Release - Left 4 Dead|Any CPU.ActiveCfg = Debug|Win32
		{7169D436-9348-47F3-8BA4-5221BCB86CDF}.Release - Left 4 Dead|Any CPU.Build.0 = Debug|Win32
		{7169D436-9348-47F3-8BA4-5221BCB86CDF}.Release - Left 4 Dead|Win32.ActiveCfg = Release|Win32
		{7169D436-9348-47F3-8BA4-5221BCB86CDF}.Release - Left 4 Dead|Win32.Build.0 = Release|Win32
		{7169D436-9348-47F3-8BA4-5221BCB86CDF}.Release - Left 4 Dead|x64.ActiveCfg = Release|x64
		{7169D436-9348-47F3-8BA4-5221BCB86CDF}.Release - Left 4 Dead|x64.Build.0 = Release|x64
		{7169D436-9348-47F3-8BA4-5221BCB86CDF}.Release - Orange Box Valve|Any CPU.ActiveCfg = Debug|Win32
		{7169D436-9348-47F3-8BA4-5221BCB86CDF}.Release - Orange Box Valve|Any CPU.Build.0 = Debug|Win32
		{7169D436-9348-47F3-8BA4-5221BCB86CDF}.Release - Orange Box Valve|Win32.ActiveCfg = Release|Win32
		{7169D436-9348-47F3-8BA4-5221BCB86CDF}.Release - Orange Box Valve|Win32.Build.0 = Release|Win32
		{7169D436-9348-47F3-8BA4-5221BCB86CDF}.Release - Orange Box Valve|x64.ActiveCfg = Release|x64
		{7169D436-9348-47F3-8BA4-5221BCB86CDF}.Release - Orange Box Valve|x64.Build.0 = Release|x64
		{7169D436-9348-47F3-8BA4-5221BCB86CDF}.Release - Orange Box|Any CPU.ActiveCfg = Debug|Win32
		{7169D436-9348-47F3-8BA4-5221BCB86CDF}.Release - Orange Box|Any CPU.Build.0 = Debug|Win32
		{7169D436-9348-47F3-8BA4-5221BCB86CDF}.Release - Orange Box|Win32.ActiveCfg = Release|Win32
		{7169D436-9348-47F3-8BA4-5221BCB86CDF}.Release - Orange Box|Win32.Build.0 = Release|Win32
		{7169D436-9348-47F3-8BA4-5221BCB86CDF}.Release - Orange Box|x64.ActiveCfg = Release|x64
		{7169D436-9348-47F3-8BA4-5221BCB86CDF}.Release - Orange Box|x64.Build.0 = Release|x64
		{7169D436-9348-47F3-8BA4-5221BCB86CDF}.Release - Original|Any CPU.ActiveCfg = Debug|Win32
		{7169D436-9348-47F3-8BA4-5221BCB86CDF}.Release - Original|Any CPU.Build.0 = Debug|Win32
		{7169D436-9348-47F3-8BA4-5221BCB86CDF}.Release - Original|Win32.ActiveCfg = Release|Win32
		{7169D436-9348-47F3-8BA4-5221BCB86CDF}.Release - Original|Win32.Build.0 = Release|Win32
		{7169D436-9348-47F3-8BA4-5221BCB86CDF}.Release - Original|x64.ActiveCfg = Release|x64
		{7169D436-9348-47F3-8BA4-5221BCB86CDF}.Release - Original|x64.Build.0 = Release|x64
		{7169D436-9348-47F3-8BA4-5221BCB86CDF}.Release|Any CPU.ActiveCfg = Release|Win32
		{7169D436-9348-47F3-8BA4-5221BCB86CDF}.Release|Win32.ActiveCfg = Release|Win32
		{7169D436-9348-47F3-8BA4-5221BCB86CDF}.Release|Win32.Build.0 = Release|Win32
		{7169D436-9348-47F3-8BA4-5221BCB86CDF}.Release|x64.ActiveCfg = Release|x64
		{7169D436-9348-47F3-8BA4-5221BCB86CDF}.Release|x64.Build.0 = Release|x64
		{A1D609EC-F940-4C3D-8182-993BC470EEFB}.Debug - Alien Swarm|Any CPU.ActiveCfg = Debug|Win32
		{A1D609EC-F940-4C3D-8182-993BC470EEFB}.Debug - Alien Swarm|Any CPU.Build.0 = Debug|Win32
		{A1D609EC-F940-4C3D-8182-993BC470EEFB}.Debug - Alien Swarm|Win32.ActiveCfg = Debug|Win32
		{A1D609EC-F940-4C3D-8182-993BC470EEFB}.Debug - Alien Swarm|Win32.Build.0 = Debug|Win32
		{A1D609EC-F940-4C3D-8182-993BC470EEFB}.Debug - Alien Swarm|x64.ActiveCfg = Debug|x64
		{A1D609EC-F940-4C3D-8182-993BC470EEFB}.Debug - Alien Swarm|x64.Build.0 = Debug|x64
		{A1D609EC-F940-4C3D-8182-993BC470EEFB}.Debug - Dark Messiah|Any CPU.ActiveCfg = Debug|Win32
		{A1D609EC-F940-4C3D-8182-993BC470EEFB}.Debug - Dark Messiah|Any CPU.Build.0 = Debug|Win32
		{A1D609EC-F940-4C3D-8182-993BC470EEFB}.Debug - Dark Messiah|Win32.ActiveCfg = Debug|Win32
		{A1D609EC-F940-4C3D-8182-993BC470EEFB}.Debug - Dark Messiah|Win32.Build.0 = Debug|Win32
		{A1D609EC-F940-4C3D-8182-993BC470EEFB}.Debug - Dark Messiah|x64.ActiveCfg = Debug|x64
		{A1D609EC-F940-4C3D-8182-993BC470EEFB}.Debug - Dark Messiah|x64.Build.0 = Debug|x64
		{A1D609EC-F940-4C3D-8182-993BC470EEFB}.Debug - Left 4 Dead 2|Any CPU.ActiveCfg = Debug|Win32
		{A1D609EC-F940-4C3D-8182-993BC470EEFB}.Debug - Left 4 Dead 2|Any CPU.Build.0 = Debug|Win32
		{A1D609EC-F940-4C3D-8182-993BC470EEFB}.Debug - Left 4 Dead 2|Win32.ActiveCfg = Debug|Win32
		{A1D609EC-F940-4C3D-8182-993BC470EEFB}.Debug - Left 4 Dead 2|Win32.Build.0 = Debug|Win32
		{A1D609EC-F940-4C3D-8182-993BC470EEFB}.Debug - Left 4 Dead 2|x64.ActiveCfg = Debug|x64
		{A1D609EC-F940-4C3D-8182-993BC470EEFB}.Debug - Left 4 Dead 2|x64.Build.0 = Debug|x64
		{A1D609EC-F940-4C3D-8182-993BC470EEFB}.Debug - Left 4 Dead|Any CPU.ActiveCfg = Debug|Win32
		{A1D609EC-F940-4C3D-8182-993BC470EEFB}.Debug - Left 4 Dead|Any CPU.Build.0 = Debug|Win32
		{A1D609EC-F940-4C3D-8182-993BC470EEFB}.Debug - Left 4 Dead|Win32.ActiveCfg = Debug|Win32
		{A1D609EC-F940-4C3D-8182-993BC470EEFB}.Debug - Left 4 Dead|Win32.Build.0 = Debug|Win32
		{A1D609EC-F940-4C3D-8182-993BC470EEFB}.Debug - Left 4 Dead|x64.ActiveCfg = Debug|x64
		{A1D609EC-F940-4C3D-8182-993BC470EEFB}.Debug - Left 4 Dead|x64.Build.0 = Debug|x64
		{A1D609EC-F940-4C3D-8182-993BC470EEFB}.Debug - Orange Box Valve|Any CPU.ActiveCfg = Debug|Win32
		{A1D609EC-F940-4C3D-8182-993BC470EEFB}.Debug - Orange Box Valve|Any CPU.Build.0 = Debug|Win32
		{A1D609EC-F940-4C3D-8182-993BC470EEFB}.Debug - Orange Box Valve|Win32.ActiveCfg = Debug|Win32
		{A1D609EC-F940-4C3D-8182-993BC470EEFB}.Debug - Orange Box Valve|Win32.Build.0 = Debug|Win32
		{A1D609EC-F940-4C3D-8182-993BC470EEFB}.Debug - Orange Box Valve|x64.ActiveCfg = Debug|x64
		{A1D609EC-F940-4C3D-8182-993BC470EEFB}.Debug - Orange Box Valve|x64.Build.0 = Debug|x64
		{A1D609EC-F940-4C3D-8182-993BC470EEFB}.Debug - Orange Box|Any CPU.ActiveCfg = Debug|Win32
		{A1D609EC-F940-4C3D-8182-993BC470EEFB}.Debug - Orange Box|Any CPU.Build.0 = Debug|Win32
		{A1D609EC-F940-4C3D-8182-993BC470EEFB}.Debug - Orange Box|Win32.ActiveCfg = Debug|Win32
		{A1D609EC-F940-4C3D-8182-993BC470EEFB}.Debug - Orange Box|Win32.Build.0 = Debug|Win32
		{A1D609EC-F940-4C3D-8182-993BC470EEFB}.Debug - Orange Box|x64.ActiveCfg = Debug|x64
		{A1D609EC-F940-4C3D-8182-993BC470EEFB}.Debug - Orange Box|x64.Build.0 = Debug|x64
		{A1D609EC-F940-4C3D-8182-993BC470EEFB}.Debug - Original|Any CPU.ActiveCfg = Debug|Win32
		{A1D609EC-F940-4C3D-8182-993BC470EEFB}.Debug - Original|Any CPU.Build.0 = Debug|Win32
		{A1D609EC-F940-4C3D-8182-993BC470EEFB}.Debug - Original|Win32.ActiveCfg = Debug|Win32
		{A1D609EC-F940-4C3D-8182-993BC470EEFB}.Debug - Original|Win32.Build.0 = Debug|Win32
		{A1D609EC-F940-4C3D-8182-993BC470EEFB}.Debug - Original|x64.ActiveCfg = Debug|x64
		{A1D609EC-F940-4C3D-8182-993BC470EEFB}.Debug - Original|x64.Build.0 = Debug|x64
		{A1D609EC-F940-4C3D-8182-993BC470EEFB}.Debug|Any CPU.ActiveCfg = Debug|Win32
		{A1D609EC-F940-4C3D-8182-993BC470EEFB}.Debug|Win32.ActiveCfg = Debug|Win32
		{A1D609EC-F940-4C3D-8182-993BC470EEFB}.Debug|Win32.Build.0 = Debug|Win32
		{A1D609EC-F940-4C3D-8182-993BC470EEFB}.Debug|x64.ActiveCfg = Debug|x64
		{A1D609EC-F940-4C3D-8182-993BC470EEFB}.Debug|x64.Build.0 = Debug|x64
		{A1D609EC-F940-4C3D-8182-993BC470EEFB}.Release - Alien Swarm|Any CPU.ActiveCfg = Debug|Win32
		{A1D609EC-F940-4C3D-8182-993BC470EEFB}.Release - Alien Swarm|Any CPU.Build.0 = Debug|Win32
		{A1D609EC-F940-4C3D-8182-993BC470EEFB}.Release - Alien Swarm|Win32.ActiveCfg = Release|Win32
		{A1D609EC-F940-4C3D-8182-993BC470EEFB}.Release - Alien Swarm|Win32.Build.0 = Release|Win32
		{A1D609EC-F940-4C3D-8182-993BC470EEFB}.Release - Alien Swarm|x64.ActiveCfg = Release|x64
		{A1D609EC-F940-4C3D-8182-993BC470EEFB}.Release - Alien Swarm|x64.Build.0 = Release|x64
		{A1D609EC-F940-4C3D-8182-993BC470EEFB}.Release - Dark Messiah|Any CPU.ActiveCfg = Debug|Win32
		{A1D609EC-F940-4C3D-8182-993BC470EEFB}.Release - Dark Messiah|Any CPU.Build.0 = Debug|Win32
		{A1D609EC-F940-4C3D-8182-993BC470EEFB}.Release - Dark Messiah|Win32.ActiveCfg = Release|Win32
		{A1D609EC-F940-4C3D-8182-993BC470EEFB}.Release - Dark Messiah|Win32.Build.0 = Release|Win32
		{A1D609EC-F940-4C3D-8182-993BC470EEFB}.Release - Dark Messiah|x64.ActiveCfg = Release|x64
		{A1D609EC-F940-4C3D-8182-993BC470EEFB}.Release - Dark Messiah|x64.Build.0 = Release|x64
		{A1D609EC-F940-4C3D-8182-993BC470EEFB}.Release - Left 4 Dead 2|Any CPU.ActiveCfg = Debug|Win32
		{A1D609EC-F940-4C3D-8182-993BC470EEFB}.Release - Left 4 Dead 2|Any CPU.Build.0 = Debug|Win32
		{A1D609EC-F940-4C3D-8182-993BC470EEFB}.Release - Left 4 Dead 2|Win32.ActiveCfg = Release|Win32
		{A1D609EC-F940-4C3D-8182-993BC470EEFB}.Release - Left 4 Dead 2|Win32.Build.0 = Release|Win32
		{A1D609EC-F940-4C3D-8182-993BC470EEFB}.Release - Left 4 Dead 2|x64.ActiveCfg = Release|x64
		{A1D609EC-F940-4C3D-8182-993BC470EEFB}.Release - Left 4 Dead 2|x64.Build.0 = Release|x64
		{A1D609EC-F940-4C3D-8182-993BC470EEFB}.Release - Left 4 Dead|Any CPU.ActiveCfg = Debug|Win32
		{A1D609EC-F940-4C3D-8182-993BC470EEFB}.Release - Left 4 Dead|Any CPU.Build.0 = Debug|Win32
		{A1D609EC-F940-4C3D-8182-993BC470EEFB}.Release - Left 4 Dead|Win32.ActiveCfg = Release|Win32
		{A1D609EC-F940-4C3D-8182-993BC470EEFB}.Release - Left 4 Dead|Win32.Build.0 = Release|Win32
		{A1D609EC-F940-4C3D-8182-993BC470EEFB}.Release - Left 4 Dead|x64.ActiveCfg = Release|x64
		{A1D609EC-F940-4C3D-8182-993BC470EEFB}.Release - Left 4 Dead|x64.Build.0 = Release|x64
		{A1D609EC-F940-4C3D-8182-993BC470EEFB}.Release - Orange Box Valve|Any CPU.ActiveCfg = Debug|Win32
		{A1D609EC-F940-4C3D-8182-993BC470EEFB}.Release - Orange Box Valve|Any CPU.Build.0 = Debug|Win32
		{A1D609EC-F940-4C3D-8182-993BC470EEFB}.Release - Orange Box Valve|Win32.ActiveCfg = Release|Win32
		{A1D609EC-F940-4C3D-8182-993BC470EEFB}.Release - Orange Box Valve|Win32.Build.0 = Release|Win32
		{A1D609EC-F940-4C3D-8182-993BC470EEFB}.Release - Orange Box Valve|x64.ActiveCfg = Release|x64
		{A1D609EC-F940-4C3D-8182-993BC470EEFB}.Release - Orange Box Valve|x64.Build.0 = Release|x64
		{A1D609EC-F940-4C3D-8182-993BC470EEFB}.Release - Orange Box|Any CPU.ActiveCfg = Debug|Win32
		{A1D609EC-F940-4C3D-8182-993BC470EEFB}.Release - Orange Box|Any CPU.Build.0 = Debug|Win32
		{A1D609EC-F940-4C3D-8182-993BC470EEFB}.Release - Orange Box|Win32.ActiveCfg = Release|Win32
		{A1D609EC-F940-4C3D-8182-993BC470EEFB}.Release - Orange Box|Win32.Build.0 = Release|Win32
		{A1D609EC-F940-4C3D-8182-993BC470EEFB}.Release - Orange Box|x64.ActiveCfg = Release|x64
		{A1D609EC-F940-4C3D-8182-993BC470EEFB}.Release - Orange Box|x64.Build.0 = Release|x64
		{A1D609EC-F940-4C3D-8182-993BC470EEFB}.Release - Original|Any CPU.ActiveCfg = Debug|Win32
		{A1D609EC-F940-4C3D-8182-993BC470EEFB}.Release - Original|Any CPU.Build.0 = Debug|Win32
		{A1D609EC-F940-4C3D-8182-993BC470EEFB}.Release - Original|Win32.ActiveCfg = Release|Win32
		{A1D609EC-F940-4C3D-8182-993BC470EEFB}.Release - Original|Win32.Build.0 = Release|Win32
		{A1D609EC-F940-4C3D-8182-993BC470EEFB}.Release - Original|x64.ActiveCfg = Release|x64
		{A1D609EC-F940-4C3D-8182-993BC470EEFB}.Release - Original|x64.Build.0 = Release|x64
		{A1D609EC-F940-4C3D-8182-993BC470EEFB}.Release|Any CPU.ActiveCfg = Release|Win32
		{A1D609EC-F940-4C3D-8182-993BC470EEFB}.Release|Win32.ActiveCfg = Release|Win32
		{A1D609EC-F940-4C3D-8182-993BC470EEFB}.Release|Win32.Build.0 = Release|Win32
		{A1D609EC-F940-4C3D-8182-993BC470EEFB}.Release|x64.ActiveCfg = Release|x64
		{A1D609EC-F940-4C3D-8182-993BC470EEFB}.Release|x64.Build.0 = Release|x64
		{16F3CF14-6A42-4EBB-9D96-624B9C396822}.Debug - Alien Swarm|Any CPU.ActiveCfg = Debug|Any CPU
		{16F3CF14-6A42-4EBB-9D96-624B9C396822}.Debug - Alien Swarm|Any CPU.Build.0 = Debug|Any CPU
		{16F3CF14-6A42-4EBB-9D96-624B9C396822}.Debug - Alien Swarm|Win32.ActiveCfg = Debug|Any CPU
		{16F3CF14-6A42-4EBB-9D96-624B9C396822}.Debug - Alien Swarm|Win32.Build.0 = Debug|Any CPU
		{16F3CF14-6A42-4EBB-9D96-624B9C396822}.Debug - Alien Swarm|x64.ActiveCfg = Debug|Any CPU
		{16F3CF14-6A42-4EBB-9D96-624B9C396822}.Debug - Alien Swarm|x64.Build.0 = Debug|Any CPU
		{16F3CF14-6A42-4EBB-9D96-624B9C396822}.Debug - Dark Messiah|Any CPU.ActiveCfg = Debug|Any CPU
		{16F3CF14-6A42-4EBB-9D96-624B9C396822}.Debug - Dark Messiah|Any CPU.Build.0 = Debug|Any CPU
		{16F3CF14-6A42-4EBB-9D96-624B9C396822}.Debug - Dark Messiah|Win32.ActiveCfg = Debug|Any CPU
		{16F3CF14-6A42-4EBB-9D96-624B9C396822}.Debug - Dark Messiah|Win32.Build.0 = Debug|Any CPU
		{16F3CF14-6A42-4EBB-9D96-624B9C396822}.Debug - Dark Messiah|x64.ActiveCfg = Debug|Any CPU
		{16F3CF14-6A42-4EBB-9D96-624B9C396822}.Debug - Dark Messiah|x64.Build.0 = Debug|Any CPU
		{16F3CF14-6A42-4EBB-9D96-624B9C396822}.Debug - Left 4 Dead 2|Any CPU.ActiveCfg = Debug|Any CPU
		{16F3CF14-6A42-4EBB-9D96-624B9C396822}.Debug - Left 4 Dead 2|Any CPU.Build.0 = Debug|Any CPU
		{16F3CF14-6A42-4EBB-9D96-624B9C396822}.Debug - Left 4 Dead 2|Win32.ActiveCfg = Debug|Any CPU
		{16F3CF14-6A42-4EBB-9D96-624B9C396822}.Debug - Left 4 Dead 2|Win32.Build.0 = Debug|Any CPU
		{16F3CF14-6A42-4EBB-9D96-624B9C396822}.Debug - Left 4 Dead 2|x64.ActiveCfg = Debug|Any CPU
		{16F3CF14-6A42-4EBB-9D96-624B9C396822}.Debug - Left 4 Dead 2|x64.Build.0 = Debug|Any CPU
		{16F3CF14-6A42-4EBB-9D96-624B9C396822}.Debug - Left 4 Dead|Any CPU.ActiveCfg = Debug|Any CPU
		{16F3CF14-6A42-4EBB-9D96-624B9C396822}.Debug - Left 4 Dead|Any CPU.Build.0 = Debug|Any CPU
		{16F3CF14-6A42-4EBB-9D96-624B9C396822}.Debug - Left 4 Dead|Win32.ActiveCfg = Debug|Any CPU
		{16F3CF14-6A42-4EBB-9D96-624B9C396822}.Debug - Left 4 Dead|Win32.Build.0 = Debug|Any CPU
		{16F3CF14-6A42-4EBB-9D96-624B9C396822}.Debug - Left 4 Dead|x64.ActiveCfg = Debug|Any CPU
		{16F3CF14-6A42-4EBB-9D96-624B9C396822}.Debug - Left 4 Dead|x64.Build.0 = Debug|Any CPU
		{16F3CF14-6A42-4EBB-9D96-624B9C396822}.Debug - Orange Box Valve|Any CPU.ActiveCfg = Debug|Any CPU
		{16F3CF14-6A42-4EBB-9D96-624B9C396822}.Debug - Orange Box Valve|Any CPU.Build.0 = Debug|Any CPU
		{16F3CF14-6A42-4EBB-9D96-624B9C396822}.Debug - Orange Box Valve|Win32.ActiveCfg = Debug|Any CPU
		{16F3CF14-6A42-4EBB-9D96-624B9C396822}.Debug - Orange Box Valve|Win32.Build.0 = Debug|Any CPU
		{16F3CF14-6A42-4EBB-9D96-624B9C396822}.Debug - Orange Box Valve|x64.ActiveCfg = Debug|Any CPU
		{16F3CF14-6A42-4EBB-9D96-624B9C396822}.Debug - Orange Box Valve|x64.Build.0 = Debug|Any CPU
		{16F3CF14-6A42-4EBB-9D96-624B9C396822}.Debug - Orange Box|Any CPU.ActiveCfg = Debug|Any CPU
		{16F3CF14-6A42-4EBB-9D96-624B9C396822}.Debug - Orange Box|Any CPU.Build.0 = Debug|Any CPU
		{16F3CF14-6A42-4EBB-9D96-624B9C396822}.Debug - Orange Box|Win32.ActiveCfg = Debug|Any CPU
		{16F3CF14-6A42-4EBB-9D96-624B9C396822}.Debug - Orange Box|Win32.Build.0 = Debug|Any CPU
		{16F3CF14-6A42-4EBB-9D96-624B9C396822}.Debug - Orange Box|x64.ActiveCfg = Debug|Any CPU
		{16F3CF14-6A42-4EBB-9D96-624B9C396822}.Debug - Orange Box|x64.Build.0 = Debug|Any CPU
		{16F3CF14-6A42-4EBB-9D96-624B9C396822}.Debug - Original|Any CPU.ActiveCfg = Debug|Any CPU
		{16F3CF14-6A42-4EBB-9D96-624B9C396822}.Debug - Original|Any CPU.Build.0 = Debug|Any CPU
		{16F3CF14-6A42-4EBB-9D96-624B9C396822}.Debug - Original|Win32.ActiveCfg = Debug|Any CPU
		{16F3CF14-6A42-4EBB-9D96-624B9C396822}.Debug - Original|Win32.Build.0 = Debug|Any CPU
		{16F3CF14-6A42-4EBB-9D96-624B9C396822}.Debug - Original|x64.ActiveCfg = Debug|Any CPU
		{16F3CF14-6A42-4EBB-9D96-624B9C396822}.Debug - Original|x64.Build.0 = Debug|Any CPU
		{16F3CF14-6A42-4EBB-9D96-624B9C396822}.Debug|Any CPU.ActiveCfg = Debug|Any CPU
		{16F3CF14-6A42-4EBB-9D96-624B9C396822}.Debug|Any CPU.Build.0 = Debug|Any CPU
		{16F3CF14-6A42-4EBB-9D96-624B9C396822}.Debug|Win32.ActiveCfg = Debug|Any CPU
		{16F3CF14-6A42-4EBB-9D96-624B9C396822}.Debug|Win32.Build.0 = Debug|Any CPU
		{16F3CF14-6A42-4EBB-9D96-624B9C396822}.Debug|x64.ActiveCfg = Debug|Any CPU
		{16F3CF14-6A42-4EBB-9D96-624B9C396822}.Debug|x64.Build.0 = Debug|Any CPU
		{16F3CF14-6A42-4EBB-9D96-624B9C396822}.Release - Alien Swarm|Any CPU.ActiveCfg = Release|Any CPU
		{16F3CF14-6A42-4EBB-9D96-624B9C396822}.Release - Alien Swarm|Any CPU.Build.0 = Release|Any CPU
		{16F3CF14-6A42-4EBB-9D96-624B9C396822}.Release - Alien Swarm|Win32.ActiveCfg = Release|Any CPU
		{16F3CF14-6A42-4EBB-9D96-624B9C396822}.Release - Alien Swarm|Win32.Build.0 = Release|Any CPU
		{16F3CF14-6A42-4EBB-9D96-624B9C396822}.Release - Alien Swarm|x64.ActiveCfg = Release|Any CPU
		{16F3CF14-6A42-4EBB-9D96-624B9C396822}.Release - Alien Swarm|x64.Build.0 = Release|Any CPU
		{16F3CF14-6A42-4EBB-9D96-624B9C396822}.Release - Dark Messiah|Any CPU.ActiveCfg = Release|Any CPU
		{16F3CF14-6A42-4EBB-9D96-624B9C396822}.Release - Dark Messiah|Any CPU.Build.0 = Release|Any CPU
		{16F3CF14-6A42-4EBB-9D96-624B9C396822}.Release - Dark Messiah|Win32.ActiveCfg = Release|Any CPU
		{16F3CF14-6A42-4EBB-9D96-624B9C396822}.Release - Dark Messiah|Win32.Build.0 = Release|Any CPU
		{16F3CF14-6A42-4EBB-9D96-624B9C396822}.Release - Dark Messiah|x64.ActiveCfg = Release|Any CPU
		{16F3CF14-6A42-4EBB-9D96-624B9C396822}.Release - Dark Messiah|x64.Build.0 = Release|Any CPU
		{16F3CF14-6A42-4EBB-9D96-624B9C396822}.Release - Left 4 Dead 2|Any CPU.ActiveCfg = Release|Any CPU
		{16F3CF14-6A42-4EBB-9D96-624B9C396822}.Release - Left 4 Dead 2|Any CPU.Build.0 = Release|Any CPU
		{16F3CF14-6A42-4EBB-9D96-624B9C396822}.Release - Left 4 Dead 2|Win32.ActiveCfg = Release|Any CPU
		{16F3CF14-6A42-4EBB-9D96-624B9C396822}.Release - Left 4 Dead 2|Win32.Build.0 = Release|Any CPU
		{16F3CF14-6A42-4EBB-9D96-624B9C396822}.Release - Left 4 Dead 2|x64.ActiveCfg = Release|Any CPU
		{16F3CF14-6A42-4EBB-9D96-624B9C396822}.Release - Left 4 Dead 2|x64.Build.0 = Release|Any CPU
		{16F3CF14-6A42-4EBB-9D96-624B9C396822}.Release - Left 4 Dead|Any CPU.ActiveCfg = Release|Any CPU
		{16F3CF14-6A42-4EBB-9D96-624B9C396822}.Release - Left 4 Dead|Any CPU.Build.0 = Release|Any CPU
		{16F3CF14-6A42-4EBB-9D96-624B9C396822}.Release - Left 4 Dead|Win32.ActiveCfg = Release|Any CPU
		{16F3CF14-6A42-4EBB-9D96-624B9C396822}.Release - Left 4 Dead|Win32.Build.0 = Release|Any CPU
		{16F3CF14-6A42-4EBB-9D96-624B9C396822}.Release - Left 4 Dead|x64.ActiveCfg = Release|Any CPU
		{16F3CF14-6A42-4EBB-9D96-624B9C396822}.Release - Left 4 Dead|x64.Build.0 = Release|Any CPU
		{16F3CF14-6A42-4EBB-9D96-624B9C396822}.Release - Orange Box Valve|Any CPU.ActiveCfg = Release|Any CPU
		{16F3CF14-6A42-4EBB-9D96-624B9C396822}.Release - Orange Box Valve|Any CPU.Build.0 = Release|Any CPU
		{16F3CF14-6A42-4EBB-9D96-624B9C396822}.Release - Orange Box Valve|Win32.ActiveCfg = Release|Any CPU
		{16F3CF14-6A42-4EBB-9D96-624B9C396822}.Release - Orange Box Valve|Win32.Build.0 = Release|Any CPU
		{16F3CF14-6A42-4EBB-9D96-624B9C396822}.Release - Orange Box Valve|x64.ActiveCfg = Release|Any CPU
		{16F3CF14-6A42-4EBB-9D96-624B9C396822}.Release - Orange Box Valve|x64.Build.0 = Release|Any CPU
		{16F3CF14-6A42-4EBB-9D96-624B9C396822}.Release - Orange Box|Any CPU.ActiveCfg = Release|Any CPU
		{16F3CF14-6A42-4EBB-9D96-624B9C396822}.Release - Orange Box|Any CPU.Build.0 = Release|Any CPU
		{16F3CF14-6A42-4EBB-9D96-624B9C396822}.Release - Orange Box|Win32.ActiveCfg = Release|Any CPU
		{16F3CF14-6A42-4EBB-9D96-624B9C396822}.Release - Orange Box|Win32.Build.0 = Release|Any CPU
		{16F3CF14-6A42-4EBB-9D96-624B9C396822}.Release - Orange Box|x64.ActiveCfg = Release|Any CPU
		{16F3CF14-6A42-4EBB-9D96-624B9C396822}.Release - Orange Box|x64.Build.0 = Release|Any CPU
		{16F3CF14-6A42-4EBB-9D96-624B9C396822}.Release - Original|Any CPU.ActiveCfg = Release|Any CPU
		{16F3CF14-6A42-4EBB-9D96-624B9C396822}.Release - Original|Any CPU.Build.0 = Release|Any CPU
		{16F3CF14-6A42-4EBB-9D96-624B9C396822}.Release - Original|Win32.ActiveCfg = Release|Any CPU
		{16F3CF14-6A42-4EBB-9D96-624B9C396822}.Release - Original|Win32.Build.0 = Release|Any CPU
		{16F3CF14-6A42-4EBB-9D96-624B9C396822}.Release - Original|x64.ActiveCfg = Release|Any CPU
		{16F3CF14-6A42-4EBB-9D96-624B9C396822}.Release - Original|x64.Build.0 = Release|Any CPU
		{16F3CF14-6A42-4EBB-9D96-624B9C396822}.Release|Any CPU.ActiveCfg = Release|Any CPU
		{16F3CF14-6A42-4EBB-9D96-624B9C396822}.Release|Any CPU.Build.0 = Release|Any CPU
		{16F3CF14-6A42-4EBB-9D96-624B9C396822}.Release|Win32.ActiveCfg = Release|Any CPU
		{16F3CF14-6A42-4EBB-9D96-624B9C396822}.Release|Win32.Build.0 = Release|Any CPU
		{16F3CF14-6A42-4EBB-9D96-624B9C396822}.Release|x64.ActiveCfg = Release|Any CPU
		{16F3CF14-6A42-4EBB-9D96-624B9C396822}.Release|x64.Build.0 = Release|Any CPU
	EndGlobalSection
	GlobalSection(SolutionProperties) = preSolution
		HideSolutionNode = FALSE
	EndGlobalSection
	GlobalSection(ExtensibilityGlobals) = postSolution
		SolutionGuid = {4C6DAF4B-EA52-4E7B-B0EF-CB1809D3A0D7}
	EndGlobalSection
EndGlobal
